
Microsoft Visual Studio Solution File, Format Version 12.00
# Visual Studio 2015
Project("{FAE04EC0-301F-11D3-BF4B-00C04F79EFBC}") = "What-A-Beautiful-Morning.CSharp.Plugins", "What-A-Beautiful-Morning.CSharp.Plugins.csproj", "{5CB054B6-B9BC-9118-88DA-5D0C16F61805}"
EndProject
Project("{FAE04EC0-301F-11D3-BF4B-00C04F79EFBC}") = "What-A-Beautiful-Morning.CSharp", "What-A-Beautiful-Morning.CSharp.csproj", "{79B879F1-D64D-C9B0-0672-ACFB9E1DFFB5}"
EndProject
Project("{FAE04EC0-301F-11D3-BF4B-00C04F79EFBC}") = "What-A-Beautiful-Morning.CSharp.Editor", "What-A-Beautiful-Morning.CSharp.Editor.csproj", "{C695C176-345A-0326-5ECD-859F0C0EC9F6}"
EndProject
Global
	GlobalSection(SolutionConfigurationPlatforms) = preSolution
		Debug|Any CPU = Debug|Any CPU
		Release|Any CPU = Release|Any CPU
	EndGlobalSection
	GlobalSection(ProjectConfigurationPlatforms) = postSolution
		{5CB054B6-B9BC-9118-88DA-5D0C16F61805}.Debug|Any CPU.ActiveCfg = Debug|Any CPU
		{5CB054B6-B9BC-9118-88DA-5D0C16F61805}.Debug|Any CPU.Build.0 = Debug|Any CPU
		{5CB054B6-B9BC-9118-88DA-5D0C16F61805}.Release|Any CPU.ActiveCfg = Release|Any CPU
		{5CB054B6-B9BC-9118-88DA-5D0C16F61805}.Release|Any CPU.Build.0 = Release|Any CPU
		{79B879F1-D64D-C9B0-0672-ACFB9E1DFFB5}.Debug|Any CPU.ActiveCfg = Debug|Any CPU
		{79B879F1-D64D-C9B0-0672-ACFB9E1DFFB5}.Debug|Any CPU.Build.0 = Debug|Any CPU
		{79B879F1-D64D-C9B0-0672-ACFB9E1DFFB5}.Release|Any CPU.ActiveCfg = Release|Any CPU
		{79B879F1-D64D-C9B0-0672-ACFB9E1DFFB5}.Release|Any CPU.Build.0 = Release|Any CPU
		{C695C176-345A-0326-5ECD-859F0C0EC9F6}.Debug|Any CPU.ActiveCfg = Debug|Any CPU
		{C695C176-345A-0326-5ECD-859F0C0EC9F6}.Debug|Any CPU.Build.0 = Debug|Any CPU
		{C695C176-345A-0326-5ECD-859F0C0EC9F6}.Release|Any CPU.ActiveCfg = Release|Any CPU
		{C695C176-345A-0326-5ECD-859F0C0EC9F6}.Release|Any CPU.Build.0 = Release|Any CPU
	EndGlobalSection
	GlobalSection(SolutionProperties) = preSolution
		HideSolutionNode = FALSE
	EndGlobalSection
EndGlobal
